// !$*UTF8*$!
{
	archiveVersion = 1;
	classes = {
	};
	objectVersion = 46;
	objects = {

/* Begin PBXBuildFile section */
		E23B68091963235100D0C2E8 /* Foundation.framework in Frameworks */ = {isa = PBXBuildFile; fileRef = E23B68081963235100D0C2E8 /* Foundation.framework */; };
		E23B680B1963235100D0C2E8 /* CoreGraphics.framework in Frameworks */ = {isa = PBXBuildFile; fileRef = E23B680A1963235100D0C2E8 /* CoreGraphics.framework */; };
		E23B680D1963235100D0C2E8 /* UIKit.framework in Frameworks */ = {isa = PBXBuildFile; fileRef = E23B680C1963235100D0C2E8 /* UIKit.framework */; };
		E23B68131963235100D0C2E8 /* InfoPlist.strings in Resources */ = {isa = PBXBuildFile; fileRef = E23B68111963235100D0C2E8 /* InfoPlist.strings */; };
		E23B68151963235100D0C2E8 /* main.m in Sources */ = {isa = PBXBuildFile; fileRef = E23B68141963235100D0C2E8 /* main.m */; };
		E23B68191963235100D0C2E8 /* AppDelegate.m in Sources */ = {isa = PBXBuildFile; fileRef = E23B68181963235100D0C2E8 /* AppDelegate.m */; };
		E23B681B1963235100D0C2E8 /* Images.xcassets in Resources */ = {isa = PBXBuildFile; fileRef = E23B681A1963235100D0C2E8 /* Images.xcassets */; };
		E23B68221963235100D0C2E8 /* XCTest.framework in Frameworks */ = {isa = PBXBuildFile; fileRef = E23B68211963235100D0C2E8 /* XCTest.framework */; };
		E23B68231963235100D0C2E8 /* Foundation.framework in Frameworks */ = {isa = PBXBuildFile; fileRef = E23B68081963235100D0C2E8 /* Foundation.framework */; };
		E23B68241963235100D0C2E8 /* UIKit.framework in Frameworks */ = {isa = PBXBuildFile; fileRef = E23B680C1963235100D0C2E8 /* UIKit.framework */; };
		E23B682C1963235100D0C2E8 /* InfoPlist.strings in Resources */ = {isa = PBXBuildFile; fileRef = E23B682A1963235100D0C2E8 /* InfoPlist.strings */; };
		E23B682E1963235100D0C2E8 /* Week3ProjectTests.m in Sources */ = {isa = PBXBuildFile; fileRef = E23B682D1963235100D0C2E8 /* Week3ProjectTests.m */; };
/* End PBXBuildFile section */

/* Begin PBXContainerItemProxy section */
		E23B68251963235100D0C2E8 /* PBXContainerItemProxy */ = {
			isa = PBXContainerItemProxy;
			containerPortal = E23B67FD1963235100D0C2E8 /* Project object */;
			proxyType = 1;
			remoteGlobalIDString = E23B68041963235100D0C2E8;
			remoteInfo = Week3Project;
		};
/* End PBXContainerItemProxy section */

/* Begin PBXFileReference section */
		E23B68051963235100D0C2E8 /* Week3Project.app */ = {isa = PBXFileReference; explicitFileType = wrapper.application; includeInIndex = 0; path = Week3Project.app; sourceTree = BUILT_PRODUCTS_DIR; };
		E23B68081963235100D0C2E8 /* Foundation.framework */ = {isa = PBXFileReference; lastKnownFileType = wrapper.framework; name = Foundation.framework; path = System/Library/Frameworks/Foundation.framework; sourceTree = SDKROOT; };
		E23B680A1963235100D0C2E8 /* CoreGraphics.framework */ = {isa = PBXFileReference; lastKnownFileType = wrapper.framework; name = CoreGraphics.framework; path = System/Library/Frameworks/CoreGraphics.framework; sourceTree = SDKROOT; };
		E23B680C1963235100D0C2E8 /* UIKit.framework */ = {isa = PBXFileReference; lastKnownFileType = wrapper.framework; name = UIKit.framework; path = System/Library/Frameworks/UIKit.framework; sourceTree = SDKROOT; };
		E23B68101963235100D0C2E8 /* Week3Project-Info.plist */ = {isa = PBXFileReference; lastKnownFileType = text.plist.xml; path = "Week3Project-Info.plist"; sourceTree = "<group>"; };
		E23B68121963235100D0C2E8 /* en */ = {isa = PBXFileReference; lastKnownFileType = text.plist.strings; name = en; path = en.lproj/InfoPlist.strings; sourceTree = "<group>"; };
		E23B68141963235100D0C2E8 /* main.m */ = {isa = PBXFileReference; lastKnownFileType = sourcecode.c.objc; path = main.m; sourceTree = "<group>"; };
		E23B68161963235100D0C2E8 /* Week3Project-Prefix.pch */ = {isa = PBXFileReference; lastKnownFileType = sourcecode.c.h; path = "Week3Project-Prefix.pch"; sourceTree = "<group>"; };
		E23B68171963235100D0C2E8 /* AppDelegate.h */ = {isa = PBXFileReference; lastKnownFileType = sourcecode.c.h; path = AppDelegate.h; sourceTree = "<group>"; };
		E23B68181963235100D0C2E8 /* AppDelegate.m */ = {isa = PBXFileReference; lastKnownFileType = sourcecode.c.objc; path = AppDelegate.m; sourceTree = "<group>"; };
		E23B681A1963235100D0C2E8 /* Images.xcassets */ = {isa = PBXFileReference; lastKnownFileType = folder.assetcatalog; path = Images.xcassets; sourceTree = "<group>"; };
		E23B68201963235100D0C2E8 /* Week3ProjectTests.xctest */ = {isa = PBXFileReference; explicitFileType = wrapper.cfbundle; includeInIndex = 0; path = Week3ProjectTests.xctest; sourceTree = BUILT_PRODUCTS_DIR; };
		E23B68211963235100D0C2E8 /* XCTest.framework */ = {isa = PBXFileReference; lastKnownFileType = wrapper.framework; name = XCTest.framework; path = Library/Frameworks/XCTest.framework; sourceTree = DEVELOPER_DIR; };
		E23B68291963235100D0C2E8 /* Week3ProjectTests-Info.plist */ = {isa = PBXFileReference; lastKnownFileType = text.plist.xml; path = "Week3ProjectTests-Info.plist"; sourceTree = "<group>"; };
		E23B682B1963235100D0C2E8 /* en */ = {isa = PBXFileReference; lastKnownFileType = text.plist.strings; name = en; path = en.lproj/InfoPlist.strings; sourceTree = "<group>"; };
		E23B682D1963235100D0C2E8 /* Week3ProjectTests.m */ = {isa = PBXFileReference; lastKnownFileType = sourcecode.c.objc; path = Week3ProjectTests.m; sourceTree = "<group>"; };
/* End PBXFileReference section */

/* Begin PBXFrameworksBuildPhase section */
		E23B68021963235100D0C2E8 /* Frameworks */ = {
			isa = PBXFrameworksBuildPhase;
			buildActionMask = 2147483647;
			files = (
				E23B680B1963235100D0C2E8 /* CoreGraphics.framework in Frameworks */,
				E23B680D1963235100D0C2E8 /* UIKit.framework in Frameworks */,
				E23B68091963235100D0C2E8 /* Foundation.framework in Frameworks */,
			);
			runOnlyForDeploymentPostprocessing = 0;
		};
		E23B681D1963235100D0C2E8 /* Frameworks */ = {
			isa = PBXFrameworksBuildPhase;
			buildActionMask = 2147483647;
			files = (
				E23B68221963235100D0C2E8 /* XCTest.framework in Frameworks */,
				E23B68241963235100D0C2E8 /* UIKit.framework in Frameworks */,
				E23B68231963235100D0C2E8 /* Foundation.framework in Frameworks */,
			);
			runOnlyForDeploymentPostprocessing = 0;
		};
/* End PBXFrameworksBuildPhase section */

/* Begin PBXGroup section */
		E23B67FC1963235100D0C2E8 = {
			isa = PBXGroup;
			children = (
				E23B680E1963235100D0C2E8 /* Week3Project */,
				E23B68271963235100D0C2E8 /* Week3ProjectTests */,
				E23B68071963235100D0C2E8 /* Frameworks */,
				E23B68061963235100D0C2E8 /* Products */,
			);
			sourceTree = "<group>";
		};
		E23B68061963235100D0C2E8 /* Products */ = {
			isa = PBXGroup;
			children = (
				E23B68051963235100D0C2E8 /* Week3Project.app */,
				E23B68201963235100D0C2E8 /* Week3ProjectTests.xctest */,
			);
			name = Products;
			sourceTree = "<group>";
		};
		E23B68071963235100D0C2E8 /* Frameworks */ = {
			isa = PBXGroup;
			children = (
				E23B68081963235100D0C2E8 /* Foundation.framework */,
				E23B680A1963235100D0C2E8 /* CoreGraphics.framework */,
				E23B680C1963235100D0C2E8 /* UIKit.framework */,
				E23B68211963235100D0C2E8 /* XCTest.framework */,
			);
			name = Frameworks;
			sourceTree = "<group>";
		};
		E23B680E1963235100D0C2E8 /* Week3Project */ = {
			isa = PBXGroup;
			children = (
				E23B68171963235100D0C2E8 /* AppDelegate.h */,
				E23B68181963235100D0C2E8 /* AppDelegate.m */,
				E23B681A1963235100D0C2E8 /* Images.xcassets */,
				E23B680F1963235100D0C2E8 /* Supporting Files */,
			);
			path = Week3Project;
			sourceTree = "<group>";
		};
		E23B680F1963235100D0C2E8 /* Supporting Files */ = {
			isa = PBXGroup;
			children = (
				E23B68101963235100D0C2E8 /* Week3Project-Info.plist */,
				E23B68111963235100D0C2E8 /* InfoPlist.strings */,
				E23B68141963235100D0C2E8 /* main.m */,
				E23B68161963235100D0C2E8 /* Week3Project-Prefix.pch */,
			);
			name = "Supporting Files";
			sourceTree = "<group>";
		};
		E23B68271963235100D0C2E8 /* Week3ProjectTests */ = {
			isa = PBXGroup;
			children = (
				E23B682D1963235100D0C2E8 /* Week3ProjectTests.m */,
				E23B68281963235100D0C2E8 /* Supporting Files */,
			);
			path = Week3ProjectTests;
			sourceTree = "<group>";
		};
		E23B68281963235100D0C2E8 /* Supporting Files */ = {
			isa = PBXGroup;
			children = (
				E23B68291963235100D0C2E8 /* Week3ProjectTests-Info.plist */,
				E23B682A1963235100D0C2E8 /* InfoPlist.strings */,
			);
			name = "Supporting Files";
			sourceTree = "<group>";
		};
/* End PBXGroup section */

/* Begin PBXNativeTarget section */
		E23B68041963235100D0C2E8 /* Week3Project */ = {
			isa = PBXNativeTarget;
			buildConfigurationList = E23B68311963235100D0C2E8 /* Build configuration list for PBXNativeTarget "Week3Project" */;
			buildPhases = (
				E23B68011963235100D0C2E8 /* Sources */,
				E23B68021963235100D0C2E8 /* Frameworks */,
				E23B68031963235100D0C2E8 /* Resources */,
			);
			buildRules = (
			);
			dependencies = (
			);
			name = Week3Project;
			productName = Week3Project;
			productReference = E23B68051963235100D0C2E8 /* Week3Project.app */;
			productType = "com.apple.product-type.application";
		};
		E23B681F1963235100D0C2E8 /* Week3ProjectTests */ = {
			isa = PBXNativeTarget;
			buildConfigurationList = E23B68341963235100D0C2E8 /* Build configuration list for PBXNativeTarget "Week3ProjectTests" */;
			buildPhases = (
				E23B681C1963235100D0C2E8 /* Sources */,
				E23B681D1963235100D0C2E8 /* Frameworks */,
				E23B681E1963235100D0C2E8 /* Resources */,
			);
			buildRules = (
			);
			dependencies = (
				E23B68261963235100D0C2E8 /* PBXTargetDependency */,
			);
			name = Week3ProjectTests;
			productName = Week3ProjectTests;
			productReference = E23B68201963235100D0C2E8 /* Week3ProjectTests.xctest */;
			productType = "com.apple.product-type.bundle.unit-test";
		};
/* End PBXNativeTarget section */

/* Begin PBXProject section */
		E23B67FD1963235100D0C2E8 /* Project object */ = {
			isa = PBXProject;
			attributes = {
				LastUpgradeCheck = 0510;
				ORGANIZATIONNAME = Google;
				TargetAttributes = {
					E23B681F1963235100D0C2E8 = {
						TestTargetID = E23B68041963235100D0C2E8;
					};
				};
			};
			buildConfigurationList = E23B68001963235100D0C2E8 /* Build configuration list for PBXProject "Week3Project" */;
			compatibilityVersion = "Xcode 3.2";
			developmentRegion = English;
			hasScannedForEncodings = 0;
			knownRegions = (
				en,
			);
			mainGroup = E23B67FC1963235100D0C2E8;
			productRefGroup = E23B68061963235100D0C2E8 /* Products */;
			projectDirPath = "";
			projectRoot = "";
			targets = (
				E23B68041963235100D0C2E8 /* Week3Project */,
				E23B681F1963235100D0C2E8 /* Week3ProjectTests */,
			);
		};
/* End PBXProject section */

/* Begin PBXResourcesBuildPhase section */
		E23B68031963235100D0C2E8 /* Resources */ = {
			isa = PBXResourcesBuildPhase;
			buildActionMask = 2147483647;
			files = (
				E23B68131963235100D0C2E8 /* InfoPlist.strings in Resources */,
				E23B681B1963235100D0C2E8 /* Images.xcassets in Resources */,
			);
			runOnlyForDeploymentPostprocessing = 0;
		};
		E23B681E1963235100D0C2E8 /* Resources */ = {
			isa = PBXResourcesBuildPhase;
			buildActionMask = 2147483647;
			files = (
				E23B682C1963235100D0C2E8 /* InfoPlist.strings in Resources */,
			);
			runOnlyForDeploymentPostprocessing = 0;
		};
/* End PBXResourcesBuildPhase section */

/* Begin PBXSourcesBuildPhase section */
		E23B68011963235100D0C2E8 /* Sources */ = {
			isa = PBXSourcesBuildPhase;
			buildActionMask = 2147483647;
			files = (
				E23B68191963235100D0C2E8 /* AppDelegate.m in Sources */,
				E23B68151963235100D0C2E8 /* main.m in Sources */,
			);
			runOnlyForDeploymentPostprocessing = 0;
		};
		E23B681C1963235100D0C2E8 /* Sources */ = {
			isa = PBXSourcesBuildPhase;
			buildActionMask = 2147483647;
			files = (
				E23B682E1963235100D0C2E8 /* Week3ProjectTests.m in Sources */,
			);
			runOnlyForDeploymentPostprocessing = 0;
		};
/* End PBXSourcesBuildPhase section */

/* Begin PBXTargetDependency section */
		E23B68261963235100D0C2E8 /* PBXTargetDependency */ = {
			isa = PBXTargetDependency;
			target = E23B68041963235100D0C2E8 /* Week3Project */;
			targetProxy = E23B68251963235100D0C2E8 /* PBXContainerItemProxy */;
		};
/* End PBXTargetDependency section */

/* Begin PBXVariantGroup section */
		E23B68111963235100D0C2E8 /* InfoPlist.strings */ = {
			isa = PBXVariantGroup;
			children = (
				E23B68121963235100D0C2E8 /* en */,
			);
			name = InfoPlist.strings;
			sourceTree = "<group>";
		};
		E23B682A1963235100D0C2E8 /* InfoPlist.strings */ = {
			isa = PBXVariantGroup;
			children = (
				E23B682B1963235100D0C2E8 /* en */,
			);
			name = InfoPlist.strings;
			sourceTree = "<group>";
		};
/* End PBXVariantGroup section */

/* Begin XCBuildConfiguration section */
		E23B682F1963235100D0C2E8 /* Debug */ = {
			isa = XCBuildConfiguration;
			buildSettings = {
				ALWAYS_SEARCH_USER_PATHS = NO;
				CLANG_CXX_LANGUAGE_STANDARD = "gnu++0x";
				CLANG_CXX_LIBRARY = "libc++";
				CLANG_ENABLE_MODULES = YES;
				CLANG_ENABLE_OBJC_ARC = YES;
				CLANG_WARN_BOOL_CONVERSION = YES;
				CLANG_WARN_CONSTANT_CONVERSION = YES;
				CLANG_WARN_DIRECT_OBJC_ISA_USAGE = YES_ERROR;
				CLANG_WARN_EMPTY_BODY = YES;
				CLANG_WARN_ENUM_CONVERSION = YES;
				CLANG_WARN_INT_CONVERSION = YES;
				CLANG_WARN_OBJC_ROOT_CLASS = YES_ERROR;
				CLANG_WARN__DUPLICATE_METHOD_MATCH = YES;
				"CODE_SIGN_IDENTITY[sdk=iphoneos*]" = "iPhone Developer";
				COPY_PHASE_STRIP = NO;
				GCC_C_LANGUAGE_STANDARD = gnu99;
				GCC_DYNAMIC_NO_PIC = NO;
				GCC_OPTIMIZATION_LEVEL = 0;
				GCC_PREPROCESSOR_DEFINITIONS = (
					"DEBUG=1",
					"$(inherited)",
				);
				GCC_SYMBOLS_PRIVATE_EXTERN = NO;
				GCC_WARN_64_TO_32_BIT_CONVERSION = YES;
				GCC_WARN_ABOUT_RETURN_TYPE = YES_ERROR;
				GCC_WARN_UNDECLARED_SELECTOR = YES;
				GCC_WARN_UNINITIALIZED_AUTOS = YES_AGGRESSIVE;
				GCC_WARN_UNUSED_FUNCTION = YES;
				GCC_WARN_UNUSED_VARIABLE = YES;
				IPHONEOS_DEPLOYMENT_TARGET = 7.1;
				ONLY_ACTIVE_ARCH = YES;
				SDKROOT = iphoneos;
			};
			name = Debug;
		};
		E23B68301963235100D0C2E8 /* Release */ = {
			isa = XCBuildConfiguration;
			buildSettings = {
				ALWAYS_SEARCH_USER_PATHS = NO;
				CLANG_CXX_LANGUAGE_STANDARD = "gnu++0x";
				CLANG_CXX_LIBRARY = "libc++";
				CLANG_ENABLE_MODULES = YES;
				CLANG_ENABLE_OBJC_ARC = YES;
				CLANG_WARN_BOOL_CONVERSION = YES;
				CLANG_WARN_CONSTANT_CONVERSION = YES;
				CLANG_WARN_DIRECT_OBJC_ISA_USAGE = YES_ERROR;
				CLANG_WARN_EMPTY_BODY = YES;
				CLANG_WARN_ENUM_CONVERSION = YES;
				CLANG_WARN_INT_CONVERSION = YES;
				CLANG_WARN_OBJC_ROOT_CLASS = YES_ERROR;
				CLANG_WARN__DUPLICATE_METHOD_MATCH = YES;
				"CODE_SIGN_IDENTITY[sdk=iphoneos*]" = "iPhone Developer";
				COPY_PHASE_STRIP = YES;
				ENABLE_NS_ASSERTIONS = NO;
				GCC_C_LANGUAGE_STANDARD = gnu99;
				GCC_WARN_64_TO_32_BIT_CONVERSION = YES;
				GCC_WARN_ABOUT_RETURN_TYPE = YES_ERROR;
				GCC_WARN_UNDECLARED_SELECTOR = YES;
				GCC_WARN_UNINITIALIZED_AUTOS = YES_AGGRESSIVE;
				GCC_WARN_UNUSED_FUNCTION = YES;
				GCC_WARN_UNUSED_VARIABLE = YES;
				IPHONEOS_DEPLOYMENT_TARGET = 7.1;
				SDKROOT = iphoneos;
				VALIDATE_PRODUCT = YES;
			};
			name = Release;
		};
		E23B68321963235100D0C2E8 /* Debug */ = {
			isa = XCBuildConfiguration;
			buildSettings = {
				ASSETCATALOG_COMPILER_APPICON_NAME = AppIcon;
				ASSETCATALOG_COMPILER_LAUNCHIMAGE_NAME = LaunchImage;
				GCC_PRECOMPILE_PREFIX_HEADER = YES;
				GCC_PREFIX_HEADER = "Week3Project/Week3Project-Prefix.pch";
				INFOPLIST_FILE = "Week3Project/Week3Project-Info.plist";
				PRODUCT_NAME = "$(TARGET_NAME)";
				WRAPPER_EXTENSION = app;
			};
			name = Debug;
		};
		E23B68331963235100D0C2E8 /* Release */ = {
			isa = XCBuildConfiguration;
			buildSettings = {
				ASSETCATALOG_COMPILER_APPICON_NAME = AppIcon;
				ASSETCATALOG_COMPILER_LAUNCHIMAGE_NAME = LaunchImage;
				GCC_PRECOMPILE_PREFIX_HEADER = YES;
				GCC_PREFIX_HEADER = "Week3Project/Week3Project-Prefix.pch";
				INFOPLIST_FILE = "Week3Project/Week3Project-Info.plist";
				PRODUCT_NAME = "$(TARGET_NAME)";
				WRAPPER_EXTENSION = app;
			};
			name = Release;
		};
		E23B68351963235100D0C2E8 /* Debug */ = {
			isa = XCBuildConfiguration;
			buildSettings = {
				BUNDLE_LOADER = "$(BUILT_PRODUCTS_DIR)/Week3Project.app/Week3Project";
				FRAMEWORK_SEARCH_PATHS = (
					"$(SDKROOT)/Developer/Library/Frameworks",
					"$(inherited)",
					"$(DEVELOPER_FRAMEWORKS_DIR)",
				);
				GCC_PRECOMPILE_PREFIX_HEADER = YES;
				GCC_PREFIX_HEADER = "Week3Project/Week3Project-Prefix.pch";
				GCC_PREPROCESSOR_DEFINITIONS = (
					"DEBUG=1",
					"$(inherited)",
				);
				INFOPLIST_FILE = "Week3ProjectTests/Week3ProjectTests-Info.plist";
				PRODUCT_NAME = "$(TARGET_NAME)";
				TEST_HOST = "$(BUNDLE_LOADER)";
				WRAPPER_EXTENSION = xctest;
			};
			name = Debug;
		};
		E23B68361963235100D0C2E8 /* Release */ = {
			isa = XCBuildConfiguration;
			buildSettings = {
				BUNDLE_LOADER = "$(BUILT_PRODUCTS_DIR)/Week3Project.app/Week3Project";
				FRAMEWORK_SEARCH_PATHS = (
					"$(SDKROOT)/Developer/Library/Frameworks",
					"$(inherited)",
					"$(DEVELOPER_FRAMEWORKS_DIR)",
				);
				GCC_PRECOMPILE_PREFIX_HEADER = YES;
				GCC_PREFIX_HEADER = "Week3Project/Week3Project-Prefix.pch";
				INFOPLIST_FILE = "Week3ProjectTests/Week3ProjectTests-Info.plist";
				PRODUCT_NAME = "$(TARGET_NAME)";
				TEST_HOST = "$(BUNDLE_LOADER)";
				WRAPPER_EXTENSION = xctest;
			};
			name = Release;
		};
/* End XCBuildConfiguration section */

/* Begin XCConfigurationList section */
		E23B68001963235100D0C2E8 /* Build configuration list for PBXProject "Week3Project" */ = {
			isa = XCConfigurationList;
			buildConfigurations = (
				E23B682F1963235100D0C2E8 /* Debug */,
				E23B68301963235100D0C2E8 /* Release */,
			);
			defaultConfigurationIsVisible = 0;
			defaultConfigurationName = Release;
		};
		E23B68311963235100D0C2E8 /* Build configuration list for PBXNativeTarget "Week3Project" */ = {
			isa = XCConfigurationList;
			buildConfigurations = (
				E23B68321963235100D0C2E8 /* Debug */,
				E23B68331963235100D0C2E8 /* Release */,
			);
			defaultConfigurationIsVisible = 0;
		};
		E23B68341963235100D0C2E8 /* Build configuration list for PBXNativeTarget "Week3ProjectTests" */ = {
			isa = XCConfigurationList;
			buildConfigurations = (
				E23B68351963235100D0C2E8 /* Debug */,
				E23B68361963235100D0C2E8 /* Release */,
			);
			defaultConfigurationIsVisible = 0;
		};
/* End XCConfigurationList section */
	};
	rootObject = E23B67FD1963235100D0C2E8 /* Project object */;
}
